
Microsoft Visual Studio Solution File, Format Version 12.00
# Visual Studio Version 17
VisualStudioVersion = 17.9.34728.123
MinimumVisualStudioVersion = 10.0.40219.1
Project("{FAE04EC0-301F-11D3-BF4B-00C04F79EFBC}") = "Tabla5-50", "Tabla5-50\Tabla5-50.csproj", "{33FA5FF2-3BEC-4058-A892-B01F0599EE1E}"
EndProject
Global
	GlobalSection(SolutionConfigurationPlatforms) = preSolution
		Debug|Any CPU = Debug|Any CPU
		Release|Any CPU = Release|Any CPU
	EndGlobalSection
	GlobalSection(ProjectConfigurationPlatforms) = postSolution
		{33FA5FF2-3BEC-4058-A892-B01F0599EE1E}.Debug|Any CPU.ActiveCfg = Debug|Any CPU
		{33FA5FF2-3BEC-4058-A892-B01F0599EE1E}.Debug|Any CPU.Build.0 = Debug|Any CPU
		{33FA5FF2-3BEC-4058-A892-B01F0599EE1E}.Release|Any CPU.ActiveCfg = Release|Any CPU
		{33FA5FF2-3BEC-4058-A892-B01F0599EE1E}.Release|Any CPU.Build.0 = Release|Any CPU
	EndGlobalSection
	GlobalSection(SolutionProperties) = preSolution
		HideSolutionNode = FALSE
	EndGlobalSection
	GlobalSection(ExtensibilityGlobals) = postSolution
		SolutionGuid = {345010D4-C731-4B27-916E-F4597B30F9A9}
	EndGlobalSection
EndGlobal
